
Microsoft Visual Studio Solution File, Format Version 12.00
# Visual Studio Version 17
VisualStudioVersion = 17.7.34031.279
MinimumVisualStudioVersion = 10.0.40219.1
Project("{9A19103F-16F7-4668-BE54-9A1E7A4F7556}") = "Sube1.EmlakciApp", "Sube1.EmlakciApp\Sube1.EmlakciApp.csproj", "{DE85E603-6372-4172-98E4-6B8FFC2EE2AD}"
EndProject
Project("{9A19103F-16F7-4668-BE54-9A1E7A4F7556}") = "Sube1.EmlakciLib", "Sube1.EmlakciLib\Sube1.EmlakciLib.csproj", "{F5E14CA7-2AA8-4B3F-B1E4-4DA8DF2B6C8D}"
EndProject
Global
	GlobalSection(SolutionConfigurationPlatforms) = preSolution
		Debug|Any CPU = Debug|Any CPU
		Release|Any CPU = Release|Any CPU
	EndGlobalSection
	GlobalSection(ProjectConfigurationPlatforms) = postSolution
		{DE85E603-6372-4172-98E4-6B8FFC2EE2AD}.Debug|Any CPU.ActiveCfg = Debug|Any CPU
		{DE85E603-6372-4172-98E4-6B8FFC2EE2AD}.Debug|Any CPU.Build.0 = Debug|Any CPU
		{DE85E603-6372-4172-98E4-6B8FFC2EE2AD}.Release|Any CPU.ActiveCfg = Release|Any CPU
		{DE85E603-6372-4172-98E4-6B8FFC2EE2AD}.Release|Any CPU.Build.0 = Release|Any CPU
		{F5E14CA7-2AA8-4B3F-B1E4-4DA8DF2B6C8D}.Debug|Any CPU.ActiveCfg = Debug|Any CPU
		{F5E14CA7-2AA8-4B3F-B1E4-4DA8DF2B6C8D}.Debug|Any CPU.Build.0 = Debug|Any CPU
		{F5E14CA7-2AA8-4B3F-B1E4-4DA8DF2B6C8D}.Release|Any CPU.ActiveCfg = Release|Any CPU
		{F5E14CA7-2AA8-4B3F-B1E4-4DA8DF2B6C8D}.Release|Any CPU.Build.0 = Release|Any CPU
	EndGlobalSection
	GlobalSection(SolutionProperties) = preSolution
		HideSolutionNode = FALSE
	EndGlobalSection
	GlobalSection(ExtensibilityGlobals) = postSolution
		SolutionGuid = {4332B8DC-245D-4860-854B-1430ED82E9D0}
	EndGlobalSection
EndGlobal
